<?xml version="1.0" encoding="utf-8"?>
<Project ToolsVersion="4.0" xmlns="http://schemas.microsoft.com/developer/msbuild/2003">
  <ItemGroup>
    <Filter Include="Source Files">
      <UniqueIdentifier>{4FC737F1-C7A5-4376-A066-2A32D752A2FF}</UniqueIdentifier>
      <Extensions>cpp;c;cc;cxx;def;odl;idl;hpj;bat;asm;asmx</Extensions>
    </Filter>
    <Filter Include="Header Files">
      <UniqueIdentifier>{93995380-89BD-4b04-88EB-625FBE52EBFB}</UniqueIdentifier>
      <Extensions>h;hh;hpp;hxx;hm;inl;inc;ipp;xsd</Extensions>
    </Filter>
    <Filter Include="Resource Files">
      <UniqueIdentifier>{67DA6AB6-F800-4c08-8B7A-83BB121AAD01}</UniqueIdentifier>
      <Extensions>rc;ico;cur;bmp;dlg;rc2;rct;bin;rgs;gif;jpg;jpeg;jpe;resx;tiff;tif;png;wav;mfcribbon-ms</Extensions>
    </Filter>
    <Filter Include="Header Files\Data">
      <UniqueIdentifier>{f0917258-7fff-4719-8425-5ddf01a735f0}</UniqueIdentifier>
    </Filter>
    <Filter Include="Source Files\Data">
      <UniqueIdentifier>{0602460f-0920-4b77-8d0f-c77b53a62632}</UniqueIdentifier>
    </Filter>
    <Filter Include="Header Files\Helpers">
      <UniqueIdentifier>{357bc51c-175e-4dc1-90d1-d4644f736eb5}</UniqueIdentifier>
    </Filter>
    <Filter Include="Source Files\Helpers">
      <UniqueIdentifier>{b8c164f9-bc88-447e-acac-70a3088b9bab}</UniqueIdentifier>
    </Filter>
    <Filter Include="Header Files\Logger">
      <UniqueIdentifier>{246aeafc-ad72-4a6f-8fbc-0291bd3fc205}</UniqueIdentifier>
    </Filter>
    <Filter Include="Source Files\Logger">
      <UniqueIdentifier>{0fedb36f-f314-4a1a-8d0c-1e540066cb3c}</UniqueIdentifier>
    </Filter>
    <Filter Include="Header Files\Moleculars">
      <UniqueIdentifier>{a94d79da-7fa6-493b-8148-015b4c4a4212}</UniqueIdentifier>
    </Filter>
    <Filter Include="Source Files\Moleculars">
      <UniqueIdentifier>{1b7cdcfc-d655-4553-91ee-a2621a26a737}</UniqueIdentifier>
    </Filter>
    <Filter Include="Header Files\DataStructures">
      <UniqueIdentifier>{96466535-1e14-434e-894f-552763e21119}</UniqueIdentifier>
    </Filter>
    <Filter Include="Source Files\DataStructures">
      <UniqueIdentifier>{4ed9ad60-5606-4e20-b002-ced56a1ce134}</UniqueIdentifier>
    </Filter>
    <Filter Include="Header Files\Data\Values">
      <UniqueIdentifier>{498e81bf-67b0-4d47-98ca-40bbcab62556}</UniqueIdentifier>
    </Filter>
    <Filter Include="Source Files\Data\Values">
      <UniqueIdentifier>{94424c06-9994-4e2c-98ec-ab2dac600d69}</UniqueIdentifier>
    </Filter>
    <Filter Include="Source Files\Molecules">
      <UniqueIdentifier>{257e59b3-15a6-4caf-bf8b-2c1e572901ae}</UniqueIdentifier>
    </Filter>
    <Filter Include="Header Files\Reactions">
      <UniqueIdentifier>{fcdb1bfa-1df1-4fb1-9ed3-e5f70acbd5a9}</UniqueIdentifier>
    </Filter>
    <Filter Include="Source Files\Reactions">
      <UniqueIdentifier>{aa2f0169-c257-4503-8b80-c4ebc6174e49}</UniqueIdentifier>
    </Filter>
    <Filter Include="Header Files\Labware">
      <UniqueIdentifier>{ee9b022b-e8ff-4306-936a-1b746821818c}</UniqueIdentifier>
    </Filter>
    <Filter Include="Source Files\Labware">
      <UniqueIdentifier>{0974a9b4-3d32-454a-8f61-6df1878b94a6}</UniqueIdentifier>
    </Filter>
    <Filter Include="Header Files\Moleculars\DataTypes">
      <UniqueIdentifier>{2ee84778-3045-46d1-8355-771b31313044}</UniqueIdentifier>
    </Filter>
    <Filter Include="Header Files\Moleculars\Tables">
      <UniqueIdentifier>{b63ad8de-a52f-4a96-a26c-248f6927db75}</UniqueIdentifier>
    </Filter>
    <Filter Include="Header Files\Labware\DataTypes">
      <UniqueIdentifier>{01a269aa-c302-41e8-8b7e-08865afae803}</UniqueIdentifier>
    </Filter>
    <Filter Include="Header Files\Molecules">
      <UniqueIdentifier>{aab057ff-3147-420c-a0d0-e4dc5ca43e8b}</UniqueIdentifier>
    </Filter>
    <Filter Include="Source Files\Moleculars\DataTypes">
      <UniqueIdentifier>{c6872c67-ea05-4b0f-b063-90d2d69b2acb}</UniqueIdentifier>
    </Filter>
    <Filter Include="Source Files\Moleculars\Tables">
      <UniqueIdentifier>{7fd23ded-219b-4150-80cc-1f7fcf93e82d}</UniqueIdentifier>
    </Filter>
    <Filter Include="Source Files\Labware\DataTypes">
      <UniqueIdentifier>{f420b4a8-ab21-4b49-b67a-86b5224a49e5}</UniqueIdentifier>
    </Filter>
    <Filter Include="Header Files\Labware\Components">
      <UniqueIdentifier>{3a71782e-6d4f-4423-96b7-28d48d6e8883}</UniqueIdentifier>
    </Filter>
    <Filter Include="Header Files\Moleculars\Components">
      <UniqueIdentifier>{dc57883d-f6cc-448c-b782-ef782f4e04d9}</UniqueIdentifier>
    </Filter>
    <Filter Include="Source Files\Moleculars\Components">
      <UniqueIdentifier>{e4ed3873-8285-4fd6-ba4a-ea3e07241f33}</UniqueIdentifier>
    </Filter>
    <Filter Include="Source Files\Labware\Components">
      <UniqueIdentifier>{7defd315-a4f9-4513-b498-bd99828def55}</UniqueIdentifier>
    </Filter>
    <Filter Include="Resource Files\Textures">
      <UniqueIdentifier>{0e36bde9-4540-44e7-b0cb-366d8d0ab939}</UniqueIdentifier>
    </Filter>
    <Filter Include="Header Files\External">
      <UniqueIdentifier>{85a1d6be-8a49-4102-b4e4-270c2c5415da}</UniqueIdentifier>
    </Filter>
    <Filter Include="Source Files\External">
      <UniqueIdentifier>{d7fe13f8-8af8-4d49-b35f-ba315f9c6d38}</UniqueIdentifier>
    </Filter>
    <Filter Include="Resource Files\Fonts">
      <UniqueIdentifier>{e247a95a-28bd-40eb-9698-24fa231c2240}</UniqueIdentifier>
    </Filter>
    <Filter Include="Resource Files\Data">
      <UniqueIdentifier>{7882107e-ae92-4adc-8e96-02ed9c88b221}</UniqueIdentifier>
    </Filter>
  </ItemGroup>
  <ItemGroup>
    <ClCompile Include="DataStore.cpp">
      <Filter>Source Files\Data</Filter>
    </ClCompile>
    <ClCompile Include="DataHelpers.cpp">
      <Filter>Source Files\Helpers</Filter>
    </ClCompile>
    <ClCompile Include="Logger.cpp">
      <Filter>Source Files\Logger</Filter>
    </ClCompile>
    <ClCompile Include="Result.cpp">
      <Filter>Source Files\Helpers</Filter>
    </ClCompile>
    <ClCompile Include="Bond.cpp">
      <Filter>Source Files\Moleculars</Filter>
    </ClCompile>
    <ClCompile Include="MolecularStructure.cpp">
      <Filter>Source Files\Moleculars</Filter>
    </ClCompile>
    <ClCompile Include="Chemgine.cpp">
      <Filter>Source Files</Filter>
    </ClCompile>
    <ClCompile Include="Value.cpp">
      <Filter>Source Files\Data\Values</Filter>
    </ClCompile>
    <ClCompile Include="FloatValue.cpp">
      <Filter>Source Files\Data\Values</Filter>
    </ClCompile>
    <ClCompile Include="Molecule.cpp">
      <Filter>Source Files\Molecules</Filter>
    </ClCompile>
    <ClCompile Include="DataStoreAccessor.cpp">
      <Filter>Source Files\Data</Filter>
    </ClCompile>
    <ClCompile Include="BaseReactionCondition.cpp">
      <Filter>Source Files\Reactions</Filter>
    </ClCompile>
    <ClCompile Include="SystemMatrix.cpp">
      <Filter>Source Files\DataStructures</Filter>
    </ClCompile>
    <ClCompile Include="Reactable.cpp">
      <Filter>Source Files\Reactions</Filter>
    </ClCompile>
    <ClCompile Include="Maths.cpp">
      <Filter>Source Files\Helpers</Filter>
    </ClCompile>
    <ClCompile Include="DataTable.cpp">
      <Filter>Source Files\DataStructures</Filter>
    </ClCompile>
    <ClCompile Include="ReactorLayer.cpp">
      <Filter>Source Files\Reactions</Filter>
    </ClCompile>
    <ClCompile Include="Reactor.cpp">
      <Filter>Source Files\Reactions</Filter>
    </ClCompile>
    <ClCompile Include="Reaction.cpp">
      <Filter>Source Files\Reactions</Filter>
    </ClCompile>
    <ClCompile Include="ConcreteReaction.cpp">
      <Filter>Source Files\Reactions</Filter>
    </ClCompile>
    <ClCompile Include="Constants.cpp">
      <Filter>Source Files\Data</Filter>
    </ClCompile>
    <ClCompile Include="LabwareDataFactory.cpp">
      <Filter>Source Files\Labware</Filter>
    </ClCompile>
    <ClCompile Include="LabwareDataTable.cpp">
      <Filter>Source Files\Labware</Filter>
    </ClCompile>
    <ClCompile Include="ReactionDataTable.cpp">
      <Filter>Source Files\Reactions</Filter>
    </ClCompile>
    <ClCompile Include="ReactionData.cpp">
      <Filter>Source Files\Reactions</Filter>
    </ClCompile>
    <ClCompile Include="AtomData.cpp">
      <Filter>Source Files\Moleculars\DataTypes</Filter>
    </ClCompile>
    <ClCompile Include="BackboneData.cpp">
      <Filter>Source Files\Moleculars\DataTypes</Filter>
    </ClCompile>
    <ClCompile Include="BaseComponentData.cpp">
      <Filter>Source Files\Moleculars\DataTypes</Filter>
    </ClCompile>
    <ClCompile Include="CompositeComponentData.cpp">
      <Filter>Source Files\Moleculars\DataTypes</Filter>
    </ClCompile>
    <ClCompile Include="FunctionalGroupData.cpp">
      <Filter>Source Files\Moleculars\DataTypes</Filter>
    </ClCompile>
    <ClCompile Include="AtomDataTable.cpp">
      <Filter>Source Files\Moleculars\Tables</Filter>
    </ClCompile>
    <ClCompile Include="BackboneDataTable.cpp">
      <Filter>Source Files\Moleculars\Tables</Filter>
    </ClCompile>
    <ClCompile Include="FunctionalGroupDataTable.cpp">
      <Filter>Source Files\Moleculars\Tables</Filter>
    </ClCompile>
    <ClCompile Include="MoleculeDataTable.cpp">
      <Filter>Source Files\Molecules</Filter>
    </ClCompile>
    <ClCompile Include="OrganicMoleculeData.cpp">
      <Filter>Source Files\Molecules</Filter>
    </ClCompile>
    <ClCompile Include="ContainerLabwareData.cpp">
      <Filter>Source Files\Labware\DataTypes</Filter>
    </ClCompile>
    <ClCompile Include="BaseLabwareData.cpp">
      <Filter>Source Files\Labware\DataTypes</Filter>
    </ClCompile>
    <ClCompile Include="FlaskData.cpp">
      <Filter>Source Files\Labware\DataTypes</Filter>
    </ClCompile>
    <ClCompile Include="LabwarePort.cpp">
      <Filter>Source Files\Labware</Filter>
    </ClCompile>
    <ClCompile Include="HeatSourceData.cpp">
      <Filter>Source Files\Labware\DataTypes</Filter>
    </ClCompile>
    <ClCompile Include="Atom.cpp">
      <Filter>Source Files\Moleculars\Components</Filter>
    </ClCompile>
    <ClCompile Include="AtomicComponent.cpp">
      <Filter>Source Files\Moleculars\Components</Filter>
    </ClCompile>
    <ClCompile Include="AtomIdentifier.cpp">
      <Filter>Source Files\Moleculars\Components</Filter>
    </ClCompile>
    <ClCompile Include="Backbone.cpp">
      <Filter>Source Files\Moleculars\Components</Filter>
    </ClCompile>
    <ClCompile Include="BaseComponent.cpp">
      <Filter>Source Files\Moleculars\Components</Filter>
    </ClCompile>
    <ClCompile Include="CompositeComponent.cpp">
      <Filter>Source Files\Moleculars\Components</Filter>
    </ClCompile>
    <ClCompile Include="FunctionalGroup.cpp">
      <Filter>Source Files\Moleculars\Components</Filter>
    </ClCompile>
    <ClCompile Include="BaseLabwareComponent.cpp">
      <Filter>Source Files\Labware\Components</Filter>
    </ClCompile>
    <ClCompile Include="Flask.cpp">
      <Filter>Source Files\Labware\Components</Filter>
    </ClCompile>
    <ClCompile Include="LabwareSystem.cpp">
      <Filter>Source Files\Labware</Filter>
    </ClCompile>
    <ClCompile Include="LabwareConnection.cpp">
      <Filter>Source Files\Labware</Filter>
    </ClCompile>
    <ClCompile Include="Collision.cpp">
      <Filter>Source Files\External</Filter>
    </ClCompile>
    <ClCompile Include="AdaptorData.cpp">
      <Filter>Source Files\Labware\DataTypes</Filter>
    </ClCompile>
    <ClCompile Include="Adaptor.cpp">
      <Filter>Source Files\Labware\Components</Filter>
    </ClCompile>
    <ClCompile Include="DrawableComponent.cpp">
      <Filter>Source Files\Labware\Components</Filter>
    </ClCompile>
    <ClCompile Include="DrawableLabwareData.cpp">
      <Filter>Source Files\Labware\DataTypes</Filter>
    </ClCompile>
    <ClCompile Include="DrawablePort.cpp">
      <Filter>Source Files\Labware\Components</Filter>
    </ClCompile>
  </ItemGroup>
  <ItemGroup>
    <ClInclude Include="DataStore.hpp">
      <Filter>Header Files\Data</Filter>
    </ClInclude>
    <ClInclude Include="DataHelpers.hpp">
      <Filter>Header Files\Helpers</Filter>
    </ClInclude>
    <ClInclude Include="Logger.hpp">
      <Filter>Header Files\Logger</Filter>
    </ClInclude>
    <ClInclude Include="Result.hpp">
      <Filter>Header Files\Helpers</Filter>
    </ClInclude>
    <ClInclude Include="Bond.hpp">
      <Filter>Header Files\Moleculars</Filter>
    </ClInclude>
    <ClInclude Include="BondType.hpp">
      <Filter>Header Files\Moleculars</Filter>
    </ClInclude>
    <ClInclude Include="MolecularStructure.hpp">
      <Filter>Header Files\Moleculars</Filter>
    </ClInclude>
    <ClInclude Include="ComponentType.hpp">
      <Filter>Header Files\Moleculars</Filter>
    </ClInclude>
    <ClInclude Include="MultiIndexMap.hpp">
      <Filter>Header Files\DataStructures</Filter>
    </ClInclude>
    <ClInclude Include="LogType.hpp">
      <Filter>Header Files\Logger</Filter>
    </ClInclude>
    <ClInclude Include="FloatValue.hpp">
      <Filter>Header Files\Data\Values</Filter>
    </ClInclude>
    <ClInclude Include="Value.hpp">
      <Filter>Header Files\Data\Values</Filter>
    </ClInclude>
    <ClInclude Include="Molecule.hpp">
      <Filter>Header Files\Molecules</Filter>
    </ClInclude>
    <ClInclude Include="DataStoreAccessor.hpp">
      <Filter>Header Files\Data</Filter>
    </ClInclude>
    <ClInclude Include="BaseReactionCondition.hpp">
      <Filter>Header Files\Reactions</Filter>
    </ClInclude>
    <ClInclude Include="Tests.hpp">
      <Filter>Header Files</Filter>
    </ClInclude>
    <ClInclude Include="SystemMatrix.hpp">
      <Filter>Header Files\DataStructures</Filter>
    </ClInclude>
    <ClInclude Include="Reactable.hpp">
      <Filter>Header Files\Reactions</Filter>
    </ClInclude>
    <ClInclude Include="Maths.hpp">
      <Filter>Header Files\Helpers</Filter>
    </ClInclude>
    <ClInclude Include="SizeTypedefs.hpp">
      <Filter>Header Files</Filter>
    </ClInclude>
    <ClInclude Include="HashCombine.hpp">
      <Filter>Header Files\DataStructures</Filter>
    </ClInclude>
    <ClInclude Include="PairHash.hpp">
      <Filter>Header Files\DataStructures</Filter>
    </ClInclude>
    <ClInclude Include="PVector.hpp">
      <Filter>Header Files\DataStructures</Filter>
    </ClInclude>
    <ClInclude Include="DataTable.hpp">
      <Filter>Header Files\DataStructures</Filter>
    </ClInclude>
    <ClInclude Include="ReactorLayer.hpp">
      <Filter>Header Files\Reactions</Filter>
    </ClInclude>
    <ClInclude Include="LayerType.hpp">
      <Filter>Header Files\Reactions</Filter>
    </ClInclude>
    <ClInclude Include="Reactor.hpp">
      <Filter>Header Files\Reactions</Filter>
    </ClInclude>
    <ClInclude Include="Query.hpp">
      <Filter>Header Files\DataStructures</Filter>
    </ClInclude>
    <ClInclude Include="Reaction.hpp">
      <Filter>Header Files\Reactions</Filter>
    </ClInclude>
    <ClInclude Include="ConcreteReaction.hpp">
      <Filter>Header Files\Reactions</Filter>
    </ClInclude>
    <ClInclude Include="Constants.hpp">
      <Filter>Header Files\Data</Filter>
    </ClInclude>
    <ClInclude Include="Amount.hpp">
      <Filter>Header Files\Data\Values</Filter>
    </ClInclude>
    <ClInclude Include="Unit.hpp">
      <Filter>Header Files\Data\Values</Filter>
    </ClInclude>
    <ClInclude Include="IndexMap.hpp">
      <Filter>Header Files\DataStructures</Filter>
    </ClInclude>
    <ClInclude Include="Utils.hpp">
      <Filter>Header Files\Helpers</Filter>
    </ClInclude>
    <ClInclude Include="LabwareType.hpp">
      <Filter>Header Files\Labware</Filter>
    </ClInclude>
    <ClInclude Include="LabwareDataFactory.hpp">
      <Filter>Header Files\Labware</Filter>
    </ClInclude>
    <ClInclude Include="LabwareDataTable.hpp">
      <Filter>Header Files\Labware</Filter>
    </ClInclude>
    <ClInclude Include="ReactionData.hpp">
      <Filter>Header Files\Reactions</Filter>
    </ClInclude>
    <ClInclude Include="ReactionDataTable.hpp">
      <Filter>Header Files\Reactions</Filter>
    </ClInclude>
    <ClInclude Include="AtomData.hpp">
      <Filter>Header Files\Moleculars\DataTypes</Filter>
    </ClInclude>
    <ClInclude Include="BackboneData.hpp">
      <Filter>Header Files\Moleculars\DataTypes</Filter>
    </ClInclude>
    <ClInclude Include="BaseComponentData.hpp">
      <Filter>Header Files\Moleculars\DataTypes</Filter>
    </ClInclude>
    <ClInclude Include="CompositeComponentData.hpp">
      <Filter>Header Files\Moleculars\DataTypes</Filter>
    </ClInclude>
    <ClInclude Include="FunctionalGroupData.hpp">
      <Filter>Header Files\Moleculars\DataTypes</Filter>
    </ClInclude>
    <ClInclude Include="FunctionalGroupDataTable.hpp">
      <Filter>Header Files\Moleculars\Tables</Filter>
    </ClInclude>
    <ClInclude Include="BackboneDataTable.hpp">
      <Filter>Header Files\Moleculars\Tables</Filter>
    </ClInclude>
    <ClInclude Include="AtomDataTable.hpp">
      <Filter>Header Files\Moleculars\Tables</Filter>
    </ClInclude>
    <ClInclude Include="MoleculeDataTable.hpp">
      <Filter>Header Files\Molecules</Filter>
    </ClInclude>
    <ClInclude Include="OrganicMoleculeData.hpp">
      <Filter>Header Files\Molecules</Filter>
    </ClInclude>
    <ClInclude Include="BaseLabwareData.hpp">
      <Filter>Header Files\Labware\DataTypes</Filter>
    </ClInclude>
    <ClInclude Include="ContainerLabwareData.hpp">
      <Filter>Header Files\Labware\DataTypes</Filter>
    </ClInclude>
    <ClInclude Include="FlaskData.hpp">
      <Filter>Header Files\Labware\DataTypes</Filter>
    </ClInclude>
    <ClInclude Include="LabwarePort.hpp">
      <Filter>Header Files\Labware</Filter>
    </ClInclude>
    <ClInclude Include="HeatSourceData.hpp">
      <Filter>Header Files\Labware\DataTypes</Filter>
    </ClInclude>
    <ClInclude Include="BaseLabwareComponent.hpp">
      <Filter>Header Files\Labware\Components</Filter>
    </ClInclude>
    <ClInclude Include="Atom.hpp">
      <Filter>Header Files\Moleculars\Components</Filter>
    </ClInclude>
    <ClInclude Include="AtomicComponent.hpp">
      <Filter>Header Files\Moleculars\Components</Filter>
    </ClInclude>
    <ClInclude Include="AtomIdentifier.hpp">
      <Filter>Header Files\Moleculars\Components</Filter>
    </ClInclude>
    <ClInclude Include="Backbone.hpp">
      <Filter>Header Files\Moleculars\Components</Filter>
    </ClInclude>
    <ClInclude Include="BaseComponent.hpp">
      <Filter>Header Files\Moleculars\Components</Filter>
    </ClInclude>
    <ClInclude Include="CompositeComponent.hpp">
      <Filter>Header Files\Moleculars\Components</Filter>
    </ClInclude>
    <ClInclude Include="FunctionalGroup.hpp">
      <Filter>Header Files\Moleculars\Components</Filter>
    </ClInclude>
    <ClInclude Include="Flask.hpp">
      <Filter>Header Files\Labware\Components</Filter>
    </ClInclude>
    <ClInclude Include="LabwareSystem.hpp">
      <Filter>Header Files\Labware</Filter>
    </ClInclude>
    <ClInclude Include="PortType.hpp">
      <Filter>Header Files\Labware</Filter>
    </ClInclude>
    <ClInclude Include="LabwareConnection.hpp">
      <Filter>Header Files\Labware</Filter>
    </ClInclude>
    <ClInclude Include="UIContext.hpp">
      <Filter>Header Files</Filter>
    </ClInclude>
    <ClInclude Include="Collision.hpp">
      <Filter>Header Files\External</Filter>
    </ClInclude>
    <ClInclude Include="AdaptorData.hpp">
      <Filter>Header Files\Labware\DataTypes</Filter>
    </ClInclude>
    <ClInclude Include="Adaptor.hpp">
      <Filter>Header Files\Labware\Components</Filter>
    </ClInclude>
    <ClInclude Include="DrawableComponent.hpp">
      <Filter>Header Files\Labware\Components</Filter>
    </ClInclude>
    <ClInclude Include="DrawableLabwareData.hpp">
      <Filter>Header Files\Labware\DataTypes</Filter>
    </ClInclude>
    <ClInclude Include="DrawablePort.hpp">
      <Filter>Header Files\Labware\Components</Filter>
    </ClInclude>
    <ClInclude Include="ContainsInterface.hpp">
      <Filter>Header Files\DataStructures</Filter>
    </ClInclude>
  </ItemGroup>
  <ItemGroup>
    <None Include="Data\AtomData.csv">
      <Filter>Resource Files\Data</Filter>
    </None>
    <None Include="Data\FunctionalGroupData.csv">
      <Filter>Resource Files\Data</Filter>
    </None>
    <None Include="diagram.cd" />
    <None Include="Data\BackboneData.csv">
      <Filter>Resource Files\Data</Filter>
    </None>
    <None Include="Data\OrganicMoleculeData.csv">
      <Filter>Resource Files\Data</Filter>
    </None>
    <None Include="Data\ReactionData.csv">
      <Filter>Resource Files\Data</Filter>
    </None>
    <None Include="Data\LabwareData.csv">
      <Filter>Resource Files\Data</Filter>
    </None>
  </ItemGroup>
  <ItemGroup>
    <Text Include="Planning.txt" />
  </ItemGroup>
  <ItemGroup>
    <Image Include="Textures\jrbf500.png">
      <Filter>Resource Files\Textures</Filter>
    </Image>
  </ItemGroup>
  <ItemGroup>
    <Font Include="Fonts\font.ttf">
      <Filter>Resource Files\Fonts</Filter>
    </Font>
  </ItemGroup>
</Project>