<?xml version="1.0" encoding="utf-8"?>
<Project ToolsVersion="4.0" xmlns="http://schemas.microsoft.com/developer/msbuild/2003">
  <ItemGroup>
    <Filter Include="Source Files">
      <UniqueIdentifier>{4FC737F1-C7A5-4376-A066-2A32D752A2FF}</UniqueIdentifier>
      <Extensions>cpp;c;cc;cxx;def;odl;idl;hpj;bat;asm;asmx</Extensions>
    </Filter>
    <Filter Include="Header Files">
      <UniqueIdentifier>{93995380-89BD-4b04-88EB-625FBE52EBFB}</UniqueIdentifier>
      <Extensions>h;hh;hpp;hxx;hm;inl;inc;ipp;xsd</Extensions>
    </Filter>
    <Filter Include="Resource Files">
      <UniqueIdentifier>{67DA6AB6-F800-4c08-8B7A-83BB121AAD01}</UniqueIdentifier>
      <Extensions>rc;ico;cur;bmp;dlg;rc2;rct;bin;rgs;gif;jpg;jpeg;jpe;resx;tiff;tif;png;wav;mfcribbon-ms</Extensions>
    </Filter>
    <Filter Include="Header Files\Data">
      <UniqueIdentifier>{f0917258-7fff-4719-8425-5ddf01a735f0}</UniqueIdentifier>
    </Filter>
    <Filter Include="Source Files\Data">
      <UniqueIdentifier>{0602460f-0920-4b77-8d0f-c77b53a62632}</UniqueIdentifier>
    </Filter>
    <Filter Include="Header Files\Helpers">
      <UniqueIdentifier>{357bc51c-175e-4dc1-90d1-d4644f736eb5}</UniqueIdentifier>
    </Filter>
    <Filter Include="Source Files\Helpers">
      <UniqueIdentifier>{b8c164f9-bc88-447e-acac-70a3088b9bab}</UniqueIdentifier>
    </Filter>
    <Filter Include="Resource Files\ChemicalData">
      <UniqueIdentifier>{7882107e-ae92-4adc-8e96-02ed9c88b221}</UniqueIdentifier>
    </Filter>
    <Filter Include="Header Files\Logger">
      <UniqueIdentifier>{246aeafc-ad72-4a6f-8fbc-0291bd3fc205}</UniqueIdentifier>
    </Filter>
    <Filter Include="Source Files\Logger">
      <UniqueIdentifier>{0fedb36f-f314-4a1a-8d0c-1e540066cb3c}</UniqueIdentifier>
    </Filter>
    <Filter Include="Header Files\Moleculars">
      <UniqueIdentifier>{a94d79da-7fa6-493b-8148-015b4c4a4212}</UniqueIdentifier>
    </Filter>
    <Filter Include="Source Files\Moleculars">
      <UniqueIdentifier>{1b7cdcfc-d655-4553-91ee-a2621a26a737}</UniqueIdentifier>
    </Filter>
    <Filter Include="Header Files\DataStructures">
      <UniqueIdentifier>{96466535-1e14-434e-894f-552763e21119}</UniqueIdentifier>
    </Filter>
    <Filter Include="Source Files\DataStructures">
      <UniqueIdentifier>{4ed9ad60-5606-4e20-b002-ced56a1ce134}</UniqueIdentifier>
    </Filter>
    <Filter Include="Header Files\Data\Values">
      <UniqueIdentifier>{498e81bf-67b0-4d47-98ca-40bbcab62556}</UniqueIdentifier>
    </Filter>
    <Filter Include="Source Files\Data\Values">
      <UniqueIdentifier>{94424c06-9994-4e2c-98ec-ab2dac600d69}</UniqueIdentifier>
    </Filter>
    <Filter Include="Header Files\Data\Tables">
      <UniqueIdentifier>{5eaaa1ad-d8ce-4664-9923-b658d64f1748}</UniqueIdentifier>
    </Filter>
    <Filter Include="Source Files\Data\Tables">
      <UniqueIdentifier>{78984b14-b56a-42d0-b624-cf385402b523}</UniqueIdentifier>
    </Filter>
  </ItemGroup>
  <ItemGroup>
    <ClCompile Include="AtomData.cpp">
      <Filter>Source Files\Data</Filter>
    </ClCompile>
    <ClCompile Include="DataStore.cpp">
      <Filter>Source Files\Data</Filter>
    </ClCompile>
    <ClCompile Include="DataHelpers.cpp">
      <Filter>Source Files\Helpers</Filter>
    </ClCompile>
    <ClCompile Include="Logger.cpp">
      <Filter>Source Files\Logger</Filter>
    </ClCompile>
    <ClCompile Include="Result.cpp">
      <Filter>Source Files\Helpers</Filter>
    </ClCompile>
    <ClCompile Include="BaseComponent.cpp">
      <Filter>Source Files\Moleculars</Filter>
    </ClCompile>
    <ClCompile Include="Atom.cpp">
      <Filter>Source Files\Moleculars</Filter>
    </ClCompile>
    <ClCompile Include="Bond.cpp">
      <Filter>Source Files\Moleculars</Filter>
    </ClCompile>
    <ClCompile Include="MolecularStructure.cpp">
      <Filter>Source Files\Moleculars</Filter>
    </ClCompile>
    <ClCompile Include="AtomIdentifier.cpp">
      <Filter>Source Files\Moleculars</Filter>
    </ClCompile>
    <ClCompile Include="Chemgine.cpp">
      <Filter>Source Files</Filter>
    </ClCompile>
    <ClCompile Include="MultiIndexMap.cpp">
      <Filter>Source Files\DataStructures</Filter>
    </ClCompile>
    <ClCompile Include="CompositeComponent.cpp">
      <Filter>Source Files\Moleculars</Filter>
    </ClCompile>
    <ClCompile Include="FunctionalGroup.cpp">
      <Filter>Source Files\Moleculars</Filter>
    </ClCompile>
    <ClCompile Include="BaseComponentData.cpp">
      <Filter>Source Files\Data</Filter>
    </ClCompile>
    <ClCompile Include="FunctionalGroupData.cpp">
      <Filter>Source Files\Data</Filter>
    </ClCompile>
    <ClCompile Include="Value.cpp">
      <Filter>Source Files\Data\Values</Filter>
    </ClCompile>
    <ClCompile Include="FloatValue.cpp">
      <Filter>Source Files\Data\Values</Filter>
    </ClCompile>
    <ClCompile Include="AtomDataTable.cpp">
      <Filter>Source Files\Data\Tables</Filter>
    </ClCompile>
    <ClCompile Include="FunctionalGroupDataTable.cpp">
      <Filter>Source Files\Data\Tables</Filter>
    </ClCompile>
    <ClCompile Include="DataTable.cpp">
      <Filter>Source Files\Data\Tables</Filter>
    </ClCompile>
    <ClCompile Include="AtomicComponent.cpp">
      <Filter>Source Files\Moleculars</Filter>
    </ClCompile>
    <ClCompile Include="BackboneData.cpp">
      <Filter>Source Files\Data</Filter>
    </ClCompile>
    <ClCompile Include="CompositeComponentData.cpp">
      <Filter>Source Files\Data</Filter>
    </ClCompile>
    <ClCompile Include="Backbone.cpp">
      <Filter>Source Files\Moleculars</Filter>
    </ClCompile>
    <ClCompile Include="BackboneDataTable.cpp">
      <Filter>Source Files\Data\Tables</Filter>
    </ClCompile>
  </ItemGroup>
  <ItemGroup>
    <ClInclude Include="AtomData.hpp">
      <Filter>Header Files\Data</Filter>
    </ClInclude>
    <ClInclude Include="DataStore.hpp">
      <Filter>Header Files\Data</Filter>
    </ClInclude>
    <ClInclude Include="DataHelpers.hpp">
      <Filter>Header Files\Helpers</Filter>
    </ClInclude>
    <ClInclude Include="Logger.hpp">
      <Filter>Header Files\Logger</Filter>
    </ClInclude>
    <ClInclude Include="Result.hpp">
      <Filter>Header Files\Helpers</Filter>
    </ClInclude>
    <ClInclude Include="BaseComponent.hpp">
      <Filter>Header Files\Moleculars</Filter>
    </ClInclude>
    <ClInclude Include="Atom.hpp">
      <Filter>Header Files\Moleculars</Filter>
    </ClInclude>
    <ClInclude Include="Bond.hpp">
      <Filter>Header Files\Moleculars</Filter>
    </ClInclude>
    <ClInclude Include="BondType.hpp">
      <Filter>Header Files\Moleculars</Filter>
    </ClInclude>
    <ClInclude Include="MolecularStructure.hpp">
      <Filter>Header Files\Moleculars</Filter>
    </ClInclude>
    <ClInclude Include="ComponentType.hpp">
      <Filter>Header Files\Moleculars</Filter>
    </ClInclude>
    <ClInclude Include="AtomIdentifier.hpp">
      <Filter>Header Files\Moleculars</Filter>
    </ClInclude>
    <ClInclude Include="CompositeComponent.hpp">
      <Filter>Header Files\Moleculars</Filter>
    </ClInclude>
    <ClInclude Include="MultiIndexMap.hpp">
      <Filter>Header Files\DataStructures</Filter>
    </ClInclude>
    <ClInclude Include="LogType.hpp">
      <Filter>Header Files\Logger</Filter>
    </ClInclude>
    <ClInclude Include="FunctionalGroup.hpp">
      <Filter>Header Files\Moleculars</Filter>
    </ClInclude>
    <ClInclude Include="BaseComponentData.hpp">
      <Filter>Header Files\Data</Filter>
    </ClInclude>
    <ClInclude Include="FunctionalGroupData.hpp">
      <Filter>Header Files\Data</Filter>
    </ClInclude>
    <ClInclude Include="FloatValue.hpp">
      <Filter>Header Files\Data\Values</Filter>
    </ClInclude>
    <ClInclude Include="Value.hpp">
      <Filter>Header Files\Data\Values</Filter>
    </ClInclude>
    <ClInclude Include="FunctionalGroupDataTable.hpp">
      <Filter>Header Files\Data\Tables</Filter>
    </ClInclude>
    <ClInclude Include="DataTable.hpp">
      <Filter>Header Files\Data\Tables</Filter>
    </ClInclude>
    <ClInclude Include="AtomDataTable.hpp">
      <Filter>Header Files\Data\Tables</Filter>
    </ClInclude>
    <ClInclude Include="AtomicComponent.hpp">
      <Filter>Header Files\Moleculars</Filter>
    </ClInclude>
    <ClInclude Include="Backbone.hpp">
      <Filter>Header Files\Moleculars</Filter>
    </ClInclude>
    <ClInclude Include="BackboneData.hpp">
      <Filter>Header Files\Data</Filter>
    </ClInclude>
    <ClInclude Include="CompositeComponentData.hpp">
      <Filter>Header Files\Data</Filter>
    </ClInclude>
    <ClInclude Include="BackboneDataTable.hpp">
      <Filter>Header Files\Data\Tables</Filter>
    </ClInclude>
  </ItemGroup>
  <ItemGroup>
    <None Include="Data\AtomData.csv">
      <Filter>Resource Files\ChemicalData</Filter>
    </None>
    <None Include="Data\FunctionalGroupData.csv">
      <Filter>Resource Files\ChemicalData</Filter>
    </None>
    <None Include="diagram.cd" />
  </ItemGroup>
  <ItemGroup>
    <Text Include="Planning.txt" />
  </ItemGroup>
</Project>