
Microsoft Visual Studio Solution File, Format Version 12.00
# Visual Studio Version 17
VisualStudioVersion = 17.6.33723.286
MinimumVisualStudioVersion = 10.0.40219.1
Project("{8BC9CEB8-8B4A-11D0-8D11-00A0C91BC942}") = "Core", "Core\Core.vcxproj", "{42282A59-FBFF-4B7D-A318-172C1F483DE7}"
EndProject
Project("{888888A0-9F3D-457C-B088-3A5042F75D52}") = "DevTools", "DevTools\DevTools.pyproj", "{D4ED113A-DBFC-4FF5-B532-B7FA2EF3FB80}"
EndProject
Project("{8BC9CEB8-8B4A-11D0-8D11-00A0C91BC942}") = "GUIApp", "GUIApp\GUIApp.vcxproj", "{D043C372-AAA7-44E9-A51C-EFD635E76194}"
	ProjectSection(ProjectDependencies) = postProject
		{42282A59-FBFF-4B7D-A318-172C1F483DE7} = {42282A59-FBFF-4B7D-A318-172C1F483DE7}
	EndProjectSection
EndProject
Project("{8BC9CEB8-8B4A-11D0-8D11-00A0C91BC942}") = "TestApp", "TestApp\TestApp.vcxproj", "{CD39BE5B-F09B-4A68-B62E-7BD0F61C6B9D}"
	ProjectSection(ProjectDependencies) = postProject
		{42282A59-FBFF-4B7D-A318-172C1F483DE7} = {42282A59-FBFF-4B7D-A318-172C1F483DE7}
	EndProjectSection
EndProject
Project("{2150E333-8FDC-42A3-9474-1A3956D46DE8}") = "Solution Items", "Solution Items", "{40FE3271-92C0-48EF-9E57-E79A1DDBDAC4}"
	ProjectSection(SolutionItems) = preProject
		Planning.txt = Planning.txt
	EndProjectSection
EndProject
Project("{8BC9CEB8-8B4A-11D0-8D11-00A0C91BC942}") = "DefParse", "DefParse\DefParse.vcxproj", "{C8BE734B-A455-4569-914F-E71883E9DD25}"
EndProject
Global
	GlobalSection(SolutionConfigurationPlatforms) = preSolution
		Debug|Any CPU = Debug|Any CPU
		Debug|x64 = Debug|x64
		Debug|x86 = Debug|x86
		Release|Any CPU = Release|Any CPU
		Release|x64 = Release|x64
		Release|x86 = Release|x86
	EndGlobalSection
	GlobalSection(ProjectConfigurationPlatforms) = postSolution
		{42282A59-FBFF-4B7D-A318-172C1F483DE7}.Debug|Any CPU.ActiveCfg = Debug|x64
		{42282A59-FBFF-4B7D-A318-172C1F483DE7}.Debug|Any CPU.Build.0 = Debug|x64
		{42282A59-FBFF-4B7D-A318-172C1F483DE7}.Debug|x64.ActiveCfg = Debug|x64
		{42282A59-FBFF-4B7D-A318-172C1F483DE7}.Debug|x64.Build.0 = Debug|x64
		{42282A59-FBFF-4B7D-A318-172C1F483DE7}.Debug|x86.ActiveCfg = Debug|Win32
		{42282A59-FBFF-4B7D-A318-172C1F483DE7}.Debug|x86.Build.0 = Debug|Win32
		{42282A59-FBFF-4B7D-A318-172C1F483DE7}.Release|Any CPU.ActiveCfg = Release|x64
		{42282A59-FBFF-4B7D-A318-172C1F483DE7}.Release|Any CPU.Build.0 = Release|x64
		{42282A59-FBFF-4B7D-A318-172C1F483DE7}.Release|x64.ActiveCfg = Release|x64
		{42282A59-FBFF-4B7D-A318-172C1F483DE7}.Release|x64.Build.0 = Release|x64
		{42282A59-FBFF-4B7D-A318-172C1F483DE7}.Release|x86.ActiveCfg = Release|Win32
		{42282A59-FBFF-4B7D-A318-172C1F483DE7}.Release|x86.Build.0 = Release|Win32
		{D4ED113A-DBFC-4FF5-B532-B7FA2EF3FB80}.Debug|Any CPU.ActiveCfg = Debug|Any CPU
		{D4ED113A-DBFC-4FF5-B532-B7FA2EF3FB80}.Debug|x64.ActiveCfg = Debug|Any CPU
		{D4ED113A-DBFC-4FF5-B532-B7FA2EF3FB80}.Debug|x86.ActiveCfg = Debug|Any CPU
		{D4ED113A-DBFC-4FF5-B532-B7FA2EF3FB80}.Release|Any CPU.ActiveCfg = Release|Any CPU
		{D4ED113A-DBFC-4FF5-B532-B7FA2EF3FB80}.Release|x64.ActiveCfg = Release|Any CPU
		{D4ED113A-DBFC-4FF5-B532-B7FA2EF3FB80}.Release|x86.ActiveCfg = Release|Any CPU
		{D043C372-AAA7-44E9-A51C-EFD635E76194}.Debug|Any CPU.ActiveCfg = Debug|x64
		{D043C372-AAA7-44E9-A51C-EFD635E76194}.Debug|Any CPU.Build.0 = Debug|x64
		{D043C372-AAA7-44E9-A51C-EFD635E76194}.Debug|x64.ActiveCfg = Debug|x64
		{D043C372-AAA7-44E9-A51C-EFD635E76194}.Debug|x64.Build.0 = Debug|x64
		{D043C372-AAA7-44E9-A51C-EFD635E76194}.Debug|x86.ActiveCfg = Debug|Win32
		{D043C372-AAA7-44E9-A51C-EFD635E76194}.Debug|x86.Build.0 = Debug|Win32
		{D043C372-AAA7-44E9-A51C-EFD635E76194}.Release|Any CPU.ActiveCfg = Release|x64
		{D043C372-AAA7-44E9-A51C-EFD635E76194}.Release|Any CPU.Build.0 = Release|x64
		{D043C372-AAA7-44E9-A51C-EFD635E76194}.Release|x64.ActiveCfg = Release|x64
		{D043C372-AAA7-44E9-A51C-EFD635E76194}.Release|x64.Build.0 = Release|x64
		{D043C372-AAA7-44E9-A51C-EFD635E76194}.Release|x86.ActiveCfg = Release|Win32
		{D043C372-AAA7-44E9-A51C-EFD635E76194}.Release|x86.Build.0 = Release|Win32
		{CD39BE5B-F09B-4A68-B62E-7BD0F61C6B9D}.Debug|Any CPU.ActiveCfg = Debug|x64
		{CD39BE5B-F09B-4A68-B62E-7BD0F61C6B9D}.Debug|Any CPU.Build.0 = Debug|x64
		{CD39BE5B-F09B-4A68-B62E-7BD0F61C6B9D}.Debug|x64.ActiveCfg = Debug|x64
		{CD39BE5B-F09B-4A68-B62E-7BD0F61C6B9D}.Debug|x64.Build.0 = Debug|x64
		{CD39BE5B-F09B-4A68-B62E-7BD0F61C6B9D}.Debug|x86.ActiveCfg = Debug|Win32
		{CD39BE5B-F09B-4A68-B62E-7BD0F61C6B9D}.Debug|x86.Build.0 = Debug|Win32
		{CD39BE5B-F09B-4A68-B62E-7BD0F61C6B9D}.Release|Any CPU.ActiveCfg = Release|x64
		{CD39BE5B-F09B-4A68-B62E-7BD0F61C6B9D}.Release|Any CPU.Build.0 = Release|x64
		{CD39BE5B-F09B-4A68-B62E-7BD0F61C6B9D}.Release|x64.ActiveCfg = Release|x64
		{CD39BE5B-F09B-4A68-B62E-7BD0F61C6B9D}.Release|x64.Build.0 = Release|x64
		{CD39BE5B-F09B-4A68-B62E-7BD0F61C6B9D}.Release|x86.ActiveCfg = Release|Win32
		{CD39BE5B-F09B-4A68-B62E-7BD0F61C6B9D}.Release|x86.Build.0 = Release|Win32
		{C8BE734B-A455-4569-914F-E71883E9DD25}.Debug|Any CPU.ActiveCfg = Debug|x64
		{C8BE734B-A455-4569-914F-E71883E9DD25}.Debug|Any CPU.Build.0 = Debug|x64
		{C8BE734B-A455-4569-914F-E71883E9DD25}.Debug|x64.ActiveCfg = Debug|x64
		{C8BE734B-A455-4569-914F-E71883E9DD25}.Debug|x64.Build.0 = Debug|x64
		{C8BE734B-A455-4569-914F-E71883E9DD25}.Debug|x86.ActiveCfg = Debug|Win32
		{C8BE734B-A455-4569-914F-E71883E9DD25}.Debug|x86.Build.0 = Debug|Win32
		{C8BE734B-A455-4569-914F-E71883E9DD25}.Release|Any CPU.ActiveCfg = Release|x64
		{C8BE734B-A455-4569-914F-E71883E9DD25}.Release|Any CPU.Build.0 = Release|x64
		{C8BE734B-A455-4569-914F-E71883E9DD25}.Release|x64.ActiveCfg = Release|x64
		{C8BE734B-A455-4569-914F-E71883E9DD25}.Release|x64.Build.0 = Release|x64
		{C8BE734B-A455-4569-914F-E71883E9DD25}.Release|x86.ActiveCfg = Release|Win32
		{C8BE734B-A455-4569-914F-E71883E9DD25}.Release|x86.Build.0 = Release|Win32
	EndGlobalSection
	GlobalSection(SolutionProperties) = preSolution
		HideSolutionNode = FALSE
	EndGlobalSection
	GlobalSection(ExtensibilityGlobals) = postSolution
		SolutionGuid = {7BE29D9A-8793-4815-B17C-321C33B26397}
	EndGlobalSection
	GlobalSection(Performance) = preSolution
		HasPerformanceSessions = true
	EndGlobalSection
EndGlobal
