<?xml version="1.0" encoding="utf-8"?>
<Project ToolsVersion="4.0" xmlns="http://schemas.microsoft.com/developer/msbuild/2003">
  <ItemGroup>
    <Filter Include="Source Files">
      <UniqueIdentifier>{4FC737F1-C7A5-4376-A066-2A32D752A2FF}</UniqueIdentifier>
      <Extensions>cpp;c;cc;cxx;def;odl;idl;hpj;bat;asm;asmx</Extensions>
    </Filter>
    <Filter Include="Header Files">
      <UniqueIdentifier>{93995380-89BD-4b04-88EB-625FBE52EBFB}</UniqueIdentifier>
      <Extensions>h;hh;hpp;hxx;hm;inl;inc;ipp;xsd</Extensions>
    </Filter>
    <Filter Include="Resource Files">
      <UniqueIdentifier>{67DA6AB6-F800-4c08-8B7A-83BB121AAD01}</UniqueIdentifier>
      <Extensions>rc;ico;cur;bmp;dlg;rc2;rct;bin;rgs;gif;jpg;jpeg;jpe;resx;tiff;tif;png;wav;mfcribbon-ms</Extensions>
    </Filter>
    <Filter Include="Header Files\Data">
      <UniqueIdentifier>{f0917258-7fff-4719-8425-5ddf01a735f0}</UniqueIdentifier>
    </Filter>
    <Filter Include="Source Files\Data">
      <UniqueIdentifier>{0602460f-0920-4b77-8d0f-c77b53a62632}</UniqueIdentifier>
    </Filter>
    <Filter Include="Header Files\Helpers">
      <UniqueIdentifier>{357bc51c-175e-4dc1-90d1-d4644f736eb5}</UniqueIdentifier>
    </Filter>
    <Filter Include="Source Files\Helpers">
      <UniqueIdentifier>{b8c164f9-bc88-447e-acac-70a3088b9bab}</UniqueIdentifier>
    </Filter>
    <Filter Include="Header Files\Moleculars">
      <UniqueIdentifier>{a94d79da-7fa6-493b-8148-015b4c4a4212}</UniqueIdentifier>
    </Filter>
    <Filter Include="Source Files\Moleculars">
      <UniqueIdentifier>{1b7cdcfc-d655-4553-91ee-a2621a26a737}</UniqueIdentifier>
    </Filter>
    <Filter Include="Header Files\DataStructures">
      <UniqueIdentifier>{96466535-1e14-434e-894f-552763e21119}</UniqueIdentifier>
    </Filter>
    <Filter Include="Source Files\DataStructures">
      <UniqueIdentifier>{4ed9ad60-5606-4e20-b002-ced56a1ce134}</UniqueIdentifier>
    </Filter>
    <Filter Include="Header Files\Data\Values">
      <UniqueIdentifier>{498e81bf-67b0-4d47-98ca-40bbcab62556}</UniqueIdentifier>
    </Filter>
    <Filter Include="Source Files\Data\Values">
      <UniqueIdentifier>{94424c06-9994-4e2c-98ec-ab2dac600d69}</UniqueIdentifier>
    </Filter>
    <Filter Include="Source Files\Molecules">
      <UniqueIdentifier>{257e59b3-15a6-4caf-bf8b-2c1e572901ae}</UniqueIdentifier>
    </Filter>
    <Filter Include="Header Files\Reactions">
      <UniqueIdentifier>{fcdb1bfa-1df1-4fb1-9ed3-e5f70acbd5a9}</UniqueIdentifier>
    </Filter>
    <Filter Include="Source Files\Reactions">
      <UniqueIdentifier>{aa2f0169-c257-4503-8b80-c4ebc6174e49}</UniqueIdentifier>
    </Filter>
    <Filter Include="Header Files\Labware">
      <UniqueIdentifier>{ee9b022b-e8ff-4306-936a-1b746821818c}</UniqueIdentifier>
    </Filter>
    <Filter Include="Source Files\Labware">
      <UniqueIdentifier>{0974a9b4-3d32-454a-8f61-6df1878b94a6}</UniqueIdentifier>
    </Filter>
    <Filter Include="Header Files\Moleculars\DataTypes">
      <UniqueIdentifier>{2ee84778-3045-46d1-8355-771b31313044}</UniqueIdentifier>
    </Filter>
    <Filter Include="Header Files\Labware\DataTypes">
      <UniqueIdentifier>{01a269aa-c302-41e8-8b7e-08865afae803}</UniqueIdentifier>
    </Filter>
    <Filter Include="Header Files\Molecules">
      <UniqueIdentifier>{aab057ff-3147-420c-a0d0-e4dc5ca43e8b}</UniqueIdentifier>
    </Filter>
    <Filter Include="Source Files\Moleculars\DataTypes">
      <UniqueIdentifier>{c6872c67-ea05-4b0f-b063-90d2d69b2acb}</UniqueIdentifier>
    </Filter>
    <Filter Include="Source Files\Labware\DataTypes">
      <UniqueIdentifier>{f420b4a8-ab21-4b49-b67a-86b5224a49e5}</UniqueIdentifier>
    </Filter>
    <Filter Include="Header Files\Labware\Components">
      <UniqueIdentifier>{3a71782e-6d4f-4423-96b7-28d48d6e8883}</UniqueIdentifier>
    </Filter>
    <Filter Include="Header Files\Moleculars\Components">
      <UniqueIdentifier>{dc57883d-f6cc-448c-b782-ef782f4e04d9}</UniqueIdentifier>
    </Filter>
    <Filter Include="Source Files\Moleculars\Components">
      <UniqueIdentifier>{e4ed3873-8285-4fd6-ba4a-ea3e07241f33}</UniqueIdentifier>
    </Filter>
    <Filter Include="Source Files\Labware\Components">
      <UniqueIdentifier>{7defd315-a4f9-4513-b498-bd99828def55}</UniqueIdentifier>
    </Filter>
    <Filter Include="Header Files\External">
      <UniqueIdentifier>{85a1d6be-8a49-4102-b4e4-270c2c5415da}</UniqueIdentifier>
    </Filter>
    <Filter Include="Source Files\External">
      <UniqueIdentifier>{d7fe13f8-8af8-4d49-b35f-ba315f9c6d38}</UniqueIdentifier>
    </Filter>
    <Filter Include="Header Files\Estimators">
      <UniqueIdentifier>{8931cf7e-e0ae-46c6-b20f-5b2d469f55ce}</UniqueIdentifier>
    </Filter>
    <Filter Include="Source Files\Estimators">
      <UniqueIdentifier>{b1083ec7-3a36-4415-a955-cfe806be11d6}</UniqueIdentifier>
    </Filter>
    <Filter Include="Source Files\Mixtures">
      <UniqueIdentifier>{5375d255-a569-4c54-bf41-18d052d5d87f}</UniqueIdentifier>
    </Filter>
    <Filter Include="Source Files\Mixtures\MixtureTypes">
      <UniqueIdentifier>{353b0213-4565-4105-a3b6-63d474129752}</UniqueIdentifier>
    </Filter>
    <Filter Include="Header Files\Graphics">
      <UniqueIdentifier>{30b79908-636c-495c-9fb1-d0a7d98a3647}</UniqueIdentifier>
    </Filter>
    <Filter Include="Source Files\Graphics">
      <UniqueIdentifier>{fdbd94f5-df48-49cb-9dcb-7cd3c7e739e6}</UniqueIdentifier>
    </Filter>
    <Filter Include="Header Files\Moleculars\Repositories">
      <UniqueIdentifier>{b63ad8de-a52f-4a96-a26c-248f6927db75}</UniqueIdentifier>
    </Filter>
    <Filter Include="Source Files\Moleculars\Repositories">
      <UniqueIdentifier>{7fd23ded-219b-4150-80cc-1f7fcf93e82d}</UniqueIdentifier>
    </Filter>
    <Filter Include="Header Files\Graphics\Particles">
      <UniqueIdentifier>{f5c42b78-3687-4c0b-854d-565270cd843f}</UniqueIdentifier>
    </Filter>
    <Filter Include="Source Files\Graphics\Particles">
      <UniqueIdentifier>{f922ff8a-3fc4-47ae-bfb3-80d2466c3180}</UniqueIdentifier>
    </Filter>
    <Filter Include="Header Files\Terminal">
      <UniqueIdentifier>{246aeafc-ad72-4a6f-8fbc-0291bd3fc205}</UniqueIdentifier>
    </Filter>
    <Filter Include="Source Files\Terminal">
      <UniqueIdentifier>{0fedb36f-f314-4a1a-8d0c-1e540066cb3c}</UniqueIdentifier>
    </Filter>
    <Filter Include="Header Files\Data\def">
      <UniqueIdentifier>{88932a60-5de8-4102-9970-0f78e1a9c326}</UniqueIdentifier>
    </Filter>
    <Filter Include="Source Files\Data\def">
      <UniqueIdentifier>{7e7d83b0-6811-4e6e-8d28-dcd0d6fac6c2}</UniqueIdentifier>
    </Filter>
    <Filter Include="Header Files\Labware\Mixtures">
      <UniqueIdentifier>{d7610af6-8fb3-4a5e-8d6e-b9ff3e0f3a32}</UniqueIdentifier>
    </Filter>
    <Filter Include="Header Files\Labware\Mixtures\MixtureTypes">
      <UniqueIdentifier>{9fd3e1e3-2c30-4345-9a00-b26537bc552c}</UniqueIdentifier>
    </Filter>
  </ItemGroup>
  <ItemGroup>
    <ClCompile Include="DataStore.cpp">
      <Filter>Source Files\Data</Filter>
    </ClCompile>
    <ClCompile Include="Log.cpp">
      <Filter>Source Files\Terminal</Filter>
    </ClCompile>
    <ClCompile Include="Value.cpp">
      <Filter>Source Files\Data\Values</Filter>
    </ClCompile>
    <ClCompile Include="Molecule.cpp">
      <Filter>Source Files\Molecules</Filter>
    </ClCompile>
    <ClCompile Include="DataStoreAccessor.cpp">
      <Filter>Source Files\Data</Filter>
    </ClCompile>
    <ClCompile Include="BaseReactionCondition.cpp">
      <Filter>Source Files\Reactions</Filter>
    </ClCompile>
    <ClCompile Include="SystemMatrix.cpp">
      <Filter>Source Files\DataStructures</Filter>
    </ClCompile>
    <ClCompile Include="StructureRef.cpp">
      <Filter>Source Files\Reactions</Filter>
    </ClCompile>
    <ClCompile Include="MathUtils.cpp">
      <Filter>Source Files\Helpers</Filter>
    </ClCompile>
    <ClCompile Include="Repository.cpp">
      <Filter>Source Files\DataStructures</Filter>
    </ClCompile>
    <ClCompile Include="ConcreteReaction.cpp">
      <Filter>Source Files\Reactions</Filter>
    </ClCompile>
    <ClCompile Include="Constants.cpp">
      <Filter>Source Files\Data</Filter>
    </ClCompile>
    <ClCompile Include="LabwareRepository.cpp">
      <Filter>Source Files\Labware</Filter>
    </ClCompile>
    <ClCompile Include="ReactionRepository.cpp">
      <Filter>Source Files\Reactions</Filter>
    </ClCompile>
    <ClCompile Include="ReactionData.cpp">
      <Filter>Source Files\Reactions</Filter>
    </ClCompile>
    <ClCompile Include="AtomData.cpp">
      <Filter>Source Files\Moleculars\DataTypes</Filter>
    </ClCompile>
    <ClCompile Include="BaseComponentData.cpp">
      <Filter>Source Files\Moleculars\DataTypes</Filter>
    </ClCompile>
    <ClCompile Include="AtomRepository.cpp">
      <Filter>Source Files\Moleculars\Repositories</Filter>
    </ClCompile>
    <ClCompile Include="MoleculeRepository.cpp">
      <Filter>Source Files\Molecules</Filter>
    </ClCompile>
    <ClCompile Include="MoleculeData.cpp">
      <Filter>Source Files\Molecules</Filter>
    </ClCompile>
    <ClCompile Include="FlaskData.cpp">
      <Filter>Source Files\Labware\DataTypes</Filter>
    </ClCompile>
    <ClCompile Include="LabwarePort.cpp">
      <Filter>Source Files\Labware</Filter>
    </ClCompile>
    <ClCompile Include="HeatsourceData.cpp">
      <Filter>Source Files\Labware\DataTypes</Filter>
    </ClCompile>
    <ClCompile Include="Atom.cpp">
      <Filter>Source Files\Moleculars\Components</Filter>
    </ClCompile>
    <ClCompile Include="LabwareComponentBase.cpp">
      <Filter>Source Files\Labware\Components</Filter>
    </ClCompile>
    <ClCompile Include="Flask.cpp">
      <Filter>Source Files\Labware\Components</Filter>
    </ClCompile>
    <ClCompile Include="LabwareSystem.cpp">
      <Filter>Source Files\Labware</Filter>
    </ClCompile>
    <ClCompile Include="LabwareConnection.cpp">
      <Filter>Source Files\Labware</Filter>
    </ClCompile>
    <ClCompile Include="Collision.cpp">
      <Filter>Source Files\External</Filter>
    </ClCompile>
    <ClCompile Include="AdaptorData.cpp">
      <Filter>Source Files\Labware\DataTypes</Filter>
    </ClCompile>
    <ClCompile Include="Adaptor.cpp">
      <Filter>Source Files\Labware\Components</Filter>
    </ClCompile>
    <ClCompile Include="DrawableComponent.cpp">
      <Filter>Source Files\Labware\Components</Filter>
    </ClCompile>
    <ClCompile Include="DrawableLabwareData.cpp">
      <Filter>Source Files\Labware\DataTypes</Filter>
    </ClCompile>
    <ClCompile Include="DrawablePort.cpp">
      <Filter>Source Files\Labware\Components</Filter>
    </ClCompile>
    <ClCompile Include="ReactantSet.cpp">
      <Filter>Source Files\Reactions</Filter>
    </ClCompile>
    <ClCompile Include="Reactant.cpp">
      <Filter>Source Files\Reactions</Filter>
    </ClCompile>
    <ClCompile Include="EstimatorRepository.cpp">
      <Filter>Source Files\Estimators</Filter>
    </ClCompile>
    <ClCompile Include="Spline.cpp">
      <Filter>Source Files\DataStructures</Filter>
    </ClCompile>
    <ClCompile Include="EstimatorBase.cpp">
      <Filter>Source Files\Estimators</Filter>
    </ClCompile>
    <ClCompile Include="Formulas.cpp">
      <Filter>Source Files\Data</Filter>
    </ClCompile>
    <ClCompile Include="Catalyst.cpp">
      <Filter>Source Files\Reactions</Filter>
    </ClCompile>
    <ClCompile Include="GenericMoleculeData.cpp">
      <Filter>Source Files\Molecules</Filter>
    </ClCompile>
    <ClCompile Include="Atmosphere.cpp">
      <Filter>Source Files\Mixtures\MixtureTypes</Filter>
    </ClCompile>
    <ClCompile Include="Mixture.cpp">
      <Filter>Source Files\Mixtures\MixtureTypes</Filter>
    </ClCompile>
    <ClCompile Include="DumpContainer.cpp">
      <Filter>Source Files\Mixtures\MixtureTypes</Filter>
    </ClCompile>
    <ClCompile Include="MultiLayerMixture.cpp">
      <Filter>Source Files\Mixtures\MixtureTypes</Filter>
    </ClCompile>
    <ClCompile Include="Reactor.cpp">
      <Filter>Source Files\Mixtures\MixtureTypes</Filter>
    </ClCompile>
    <ClCompile Include="Layer.cpp">
      <Filter>Source Files\Mixtures</Filter>
    </ClCompile>
    <ClCompile Include="StateNucleator.cpp">
      <Filter>Source Files\Mixtures</Filter>
    </ClCompile>
    <ClCompile Include="LayerContentIterator.cpp">
      <Filter>Source Files\Mixtures</Filter>
    </ClCompile>
    <ClCompile Include="ForwardingContainer.cpp">
      <Filter>Source Files\Mixtures\MixtureTypes</Filter>
    </ClCompile>
    <ClCompile Include="Polarity.cpp">
      <Filter>Source Files\Molecules</Filter>
    </ClCompile>
    <ClCompile Include="LayerType.cpp">
      <Filter>Source Files\Mixtures</Filter>
    </ClCompile>
    <ClCompile Include="AggregationType.cpp">
      <Filter>Source Files\Mixtures</Filter>
    </ClCompile>
    <ClCompile Include="FormatUtils.cpp">
      <Filter>Source Files\Helpers</Filter>
    </ClCompile>
    <ClCompile Include="ReactionNetwork.cpp">
      <Filter>Source Files\Reactions</Filter>
    </ClCompile>
    <ClCompile Include="ReactantRef.cpp">
      <Filter>Source Files\Mixtures</Filter>
    </ClCompile>
    <ClCompile Include="ContentInitializer.cpp">
      <Filter>Source Files\Mixtures</Filter>
    </ClCompile>
    <ClCompile Include="Color.cpp">
      <Filter>Source Files\Data\Values</Filter>
    </ClCompile>
    <ClCompile Include="ShapeFill.cpp">
      <Filter>Source Files\Graphics</Filter>
    </ClCompile>
    <ClCompile Include="ShapeFillTexture.cpp">
      <Filter>Source Files\Graphics</Filter>
    </ClCompile>
    <ClCompile Include="Lab.cpp">
      <Filter>Source Files\Labware</Filter>
    </ClCompile>
    <ClCompile Include="PropertyPane.cpp">
      <Filter>Source Files\Graphics</Filter>
    </ClCompile>
    <ClCompile Include="EquipmentComponent.cpp">
      <Filter>Source Files\Labware\Components</Filter>
    </ClCompile>
    <ClCompile Include="Heatsource.cpp">
      <Filter>Source Files\Labware\Components</Filter>
    </ClCompile>
    <ClCompile Include="BaseContainerComponent.cpp">
      <Filter>Source Files\Labware\Components</Filter>
    </ClCompile>
    <ClCompile Include="DynamicAmount.cpp">
      <Filter>Source Files\Data\Values</Filter>
    </ClCompile>
    <ClCompile Include="CondenserData.cpp">
      <Filter>Source Files\Labware\DataTypes</Filter>
    </ClCompile>
    <ClCompile Include="Condenser.cpp">
      <Filter>Source Files\Labware\Components</Filter>
    </ClCompile>
    <ClCompile Include="ParticleSystem.cpp">
      <Filter>Source Files\Graphics\Particles</Filter>
    </ClCompile>
    <ClCompile Include="Vapour.cpp">
      <Filter>Source Files\Graphics\Particles</Filter>
    </ClCompile>
    <ClCompile Include="RandomizedParticle.cpp">
      <Filter>Source Files\Graphics\Particles</Filter>
    </ClCompile>
    <ClCompile Include="RetrosynthReaction.cpp">
      <Filter>Source Files\Reactions</Filter>
    </ClCompile>
    <ClCompile Include="MolecularStructure.cpp">
      <Filter>Source Files\Molecules</Filter>
    </ClCompile>
    <ClCompile Include="RadicalData.cpp">
      <Filter>Source Files\Moleculars\DataTypes</Filter>
    </ClCompile>
    <ClCompile Include="Radical.cpp">
      <Filter>Source Files\Moleculars\Components</Filter>
    </ClCompile>
    <ClCompile Include="TerminalUtils.cpp">
      <Filter>Source Files\Terminal</Filter>
    </ClCompile>
    <ClCompile Include="Input.cpp">
      <Filter>Source Files\Terminal</Filter>
    </ClCompile>
    <ClCompile Include="ReactionSpecifier.cpp">
      <Filter>Source Files\Reactions</Filter>
    </ClCompile>
    <ClCompile Include="StringUtils.cpp">
      <Filter>Source Files\Helpers</Filter>
    </ClCompile>
    <ClCompile Include="PathUtils.cpp">
      <Filter>Source Files\Helpers</Filter>
    </ClCompile>
    <ClCompile Include="FileParser.cpp">
      <Filter>Source Files\Data\def</Filter>
    </ClCompile>
    <ClCompile Include="Location.cpp">
      <Filter>Source Files\Data\def</Filter>
    </ClCompile>
    <ClCompile Include="Object.cpp">
      <Filter>Source Files\Data\def</Filter>
    </ClCompile>
    <ClCompile Include="EstimatorSpecifier.cpp">
      <Filter>Source Files\Estimators</Filter>
    </ClCompile>
    <ClCompile Include="FileStore.cpp">
      <Filter>Source Files\Data</Filter>
    </ClCompile>
    <ClCompile Include="FileAnalyzer.cpp">
      <Filter>Source Files\Data\def</Filter>
    </ClCompile>
    <ClCompile Include="OOLDefRepository.cpp">
      <Filter>Source Files\Data</Filter>
    </ClCompile>
    <ClCompile Include="EstimatorFactory.cpp">
      <Filter>Source Files\Estimators</Filter>
    </ClCompile>
    <ClCompile Include="Regressors2D.cpp">
      <Filter>Source Files\DataStructures</Filter>
    </ClCompile>
    <ClCompile Include="Regressors3D.cpp">
      <Filter>Source Files\DataStructures</Filter>
    </ClCompile>
    <ClCompile Include="BaseLabwareData.cpp">
      <Filter>Source Files\Labware\DataTypes</Filter>
    </ClCompile>
    <ClCompile Include="PrintSettings.cpp">
      <Filter>Source Files\Data\def</Filter>
    </ClCompile>
    <ClCompile Include="DataDumper.cpp">
      <Filter>Source Files\Data\def</Filter>
    </ClCompile>
    <ClCompile Include="StringTable.cpp">
      <Filter>Source Files\Terminal</Filter>
    </ClCompile>
    <ClCompile Include="BuildUtils.cpp">
      <Filter>Source Files\Helpers</Filter>
    </ClCompile>
    <ClCompile Include="ProcessUtils.cpp">
      <Filter>Source Files\Helpers</Filter>
    </ClCompile>
    <ClCompile Include="Bond.cpp">
      <Filter>Source Files\Moleculars\Components</Filter>
    </ClCompile>
    <ClCompile Include="Symbol.cpp">
      <Filter>Source Files\Moleculars\Components</Filter>
    </ClCompile>
    <ClCompile Include="ASCIIUtils.cpp">
      <Filter>Source Files\Terminal</Filter>
    </ClCompile>
    <ClCompile Include="ColoredString.cpp">
      <Filter>Source Files\Terminal</Filter>
    </ClCompile>
    <ClCompile Include="TypeUtils.cpp">
      <Filter>Source Files\Helpers</Filter>
    </ClCompile>
    <ClCompile Include="ASCIIStructurePrinter.cpp">
      <Filter>Source Files\Molecules</Filter>
    </ClCompile>
    <ClCompile Include="Buffer2D.cpp">
      <Filter>Source Files\DataStructures</Filter>
    </ClCompile>
    <ClCompile Include="ConcurrencyUtils.cpp">
      <Filter>Source Files\Helpers</Filter>
    </ClCompile>
    <ClCompile Include="BondedAtom.cpp">
      <Filter>Source Files\Moleculars\Components</Filter>
    </ClCompile>
    <ClCompile Include="SFMLUtils.cpp">
      <Filter>Source Files\Helpers</Filter>
    </ClCompile>
    <ClCompile Include="BinUtils.cpp">
      <Filter>Source Files\Helpers</Filter>
    </ClCompile>
  </ItemGroup>
  <ItemGroup>
    <ClInclude Include="DataStore.hpp">
      <Filter>Header Files\Data</Filter>
    </ClInclude>
    <ClInclude Include="Log.hpp">
      <Filter>Header Files\Terminal</Filter>
    </ClInclude>
    <ClInclude Include="MultiIndexMap.hpp">
      <Filter>Header Files\DataStructures</Filter>
    </ClInclude>
    <ClInclude Include="Value.hpp">
      <Filter>Header Files\Data\Values</Filter>
    </ClInclude>
    <ClInclude Include="Molecule.hpp">
      <Filter>Header Files\Molecules</Filter>
    </ClInclude>
    <ClInclude Include="DataStoreAccessor.hpp">
      <Filter>Header Files\Data</Filter>
    </ClInclude>
    <ClInclude Include="BaseReactionCondition.hpp">
      <Filter>Header Files\Reactions</Filter>
    </ClInclude>
    <ClInclude Include="SystemMatrix.hpp">
      <Filter>Header Files\DataStructures</Filter>
    </ClInclude>
    <ClInclude Include="StructureRef.hpp">
      <Filter>Header Files\Reactions</Filter>
    </ClInclude>
    <ClInclude Include="MathUtils.hpp">
      <Filter>Header Files\Helpers</Filter>
    </ClInclude>
    <ClInclude Include="HashUtils.hpp">
      <Filter>Header Files\DataStructures</Filter>
    </ClInclude>
    <ClInclude Include="Repository.hpp">
      <Filter>Header Files\DataStructures</Filter>
    </ClInclude>
    <ClInclude Include="Query.hpp">
      <Filter>Header Files\DataStructures</Filter>
    </ClInclude>
    <ClInclude Include="ConcreteReaction.hpp">
      <Filter>Header Files\Reactions</Filter>
    </ClInclude>
    <ClInclude Include="Constants.hpp">
      <Filter>Header Files\Data</Filter>
    </ClInclude>
    <ClInclude Include="Amount.hpp">
      <Filter>Header Files\Data\Values</Filter>
    </ClInclude>
    <ClInclude Include="Unit.hpp">
      <Filter>Header Files\Data\Values</Filter>
    </ClInclude>
    <ClInclude Include="IndexMap.hpp">
      <Filter>Header Files\DataStructures</Filter>
    </ClInclude>
    <ClInclude Include="STLUtils.hpp">
      <Filter>Header Files\Helpers</Filter>
    </ClInclude>
    <ClInclude Include="LabwareType.hpp">
      <Filter>Header Files\Labware</Filter>
    </ClInclude>
    <ClInclude Include="LabwareRepository.hpp">
      <Filter>Header Files\Labware</Filter>
    </ClInclude>
    <ClInclude Include="ReactionData.hpp">
      <Filter>Header Files\Reactions</Filter>
    </ClInclude>
    <ClInclude Include="ReactionRepository.hpp">
      <Filter>Header Files\Reactions</Filter>
    </ClInclude>
    <ClInclude Include="AtomData.hpp">
      <Filter>Header Files\Moleculars\DataTypes</Filter>
    </ClInclude>
    <ClInclude Include="BaseComponentData.hpp">
      <Filter>Header Files\Moleculars\DataTypes</Filter>
    </ClInclude>
    <ClInclude Include="AtomRepository.hpp">
      <Filter>Header Files\Moleculars\Repositories</Filter>
    </ClInclude>
    <ClInclude Include="MoleculeRepository.hpp">
      <Filter>Header Files\Molecules</Filter>
    </ClInclude>
    <ClInclude Include="MoleculeData.hpp">
      <Filter>Header Files\Molecules</Filter>
    </ClInclude>
    <ClInclude Include="BaseLabwareData.hpp">
      <Filter>Header Files\Labware\DataTypes</Filter>
    </ClInclude>
    <ClInclude Include="FlaskData.hpp">
      <Filter>Header Files\Labware\DataTypes</Filter>
    </ClInclude>
    <ClInclude Include="LabwarePort.hpp">
      <Filter>Header Files\Labware</Filter>
    </ClInclude>
    <ClInclude Include="HeatsourceData.hpp">
      <Filter>Header Files\Labware\DataTypes</Filter>
    </ClInclude>
    <ClInclude Include="LabwareComponentBase.hpp">
      <Filter>Header Files\Labware\Components</Filter>
    </ClInclude>
    <ClInclude Include="Atom.hpp">
      <Filter>Header Files\Moleculars\Components</Filter>
    </ClInclude>
    <ClInclude Include="Flask.hpp">
      <Filter>Header Files\Labware\Components</Filter>
    </ClInclude>
    <ClInclude Include="LabwareSystem.hpp">
      <Filter>Header Files\Labware</Filter>
    </ClInclude>
    <ClInclude Include="LabwareConnection.hpp">
      <Filter>Header Files\Labware</Filter>
    </ClInclude>
    <ClInclude Include="Collision.hpp">
      <Filter>Header Files\External</Filter>
    </ClInclude>
    <ClInclude Include="AdaptorData.hpp">
      <Filter>Header Files\Labware\DataTypes</Filter>
    </ClInclude>
    <ClInclude Include="Adaptor.hpp">
      <Filter>Header Files\Labware\Components</Filter>
    </ClInclude>
    <ClInclude Include="DrawableComponent.hpp">
      <Filter>Header Files\Labware\Components</Filter>
    </ClInclude>
    <ClInclude Include="DrawableLabwareData.hpp">
      <Filter>Header Files\Labware\DataTypes</Filter>
    </ClInclude>
    <ClInclude Include="DrawablePort.hpp">
      <Filter>Header Files\Labware\Components</Filter>
    </ClInclude>
    <ClInclude Include="ContainsInterface.hpp">
      <Filter>Header Files\DataStructures</Filter>
    </ClInclude>
    <ClInclude Include="Reactant.hpp">
      <Filter>Header Files\Reactions</Filter>
    </ClInclude>
    <ClInclude Include="ReactantSet.hpp">
      <Filter>Header Files\Reactions</Filter>
    </ClInclude>
    <ClInclude Include="EstimatorRepository.hpp">
      <Filter>Header Files\Estimators</Filter>
    </ClInclude>
    <ClInclude Include="Spline.hpp">
      <Filter>Header Files\DataStructures</Filter>
    </ClInclude>
    <ClInclude Include="EstimatorBase.hpp">
      <Filter>Header Files\Estimators</Filter>
    </ClInclude>
    <ClInclude Include="EstimatorType.hpp">
      <Filter>Header Files\Estimators</Filter>
    </ClInclude>
    <ClInclude Include="SplineEstimator.hpp">
      <Filter>Header Files\Estimators</Filter>
    </ClInclude>
    <ClInclude Include="Formulas.hpp">
      <Filter>Header Files\Data</Filter>
    </ClInclude>
    <ClInclude Include="Catalyst.hpp">
      <Filter>Header Files\Reactions</Filter>
    </ClInclude>
    <ClInclude Include="ConstantEstimator.hpp">
      <Filter>Header Files\Estimators</Filter>
    </ClInclude>
    <ClInclude Include="GenericMoleculeData.hpp">
      <Filter>Header Files\Molecules</Filter>
    </ClInclude>
    <ClInclude Include="MolecularStructure.hpp">
      <Filter>Header Files\Molecules</Filter>
    </ClInclude>
    <ClInclude Include="Ref.hpp">
      <Filter>Header Files\DataStructures</Filter>
    </ClInclude>
    <ClInclude Include="FlagField.hpp">
      <Filter>Header Files\DataStructures</Filter>
    </ClInclude>
    <ClInclude Include="Atmosphere.hpp">
      <Filter>Header Files\Labware\Mixtures\MixtureTypes</Filter>
    </ClInclude>
    <ClInclude Include="ContainerBase.hpp">
      <Filter>Header Files\Labware\Mixtures\MixtureTypes</Filter>
    </ClInclude>
    <ClInclude Include="DumpContainer.hpp">
      <Filter>Header Files\Labware\Mixtures\MixtureTypes</Filter>
    </ClInclude>
    <ClInclude Include="Mixture.hpp">
      <Filter>Header Files\Labware\Mixtures\MixtureTypes</Filter>
    </ClInclude>
    <ClInclude Include="MultiLayerMixture.hpp">
      <Filter>Header Files\Labware\Mixtures\MixtureTypes</Filter>
    </ClInclude>
    <ClInclude Include="Reactor.hpp">
      <Filter>Header Files\Labware\Mixtures\MixtureTypes</Filter>
    </ClInclude>
    <ClInclude Include="SingleLayerMixture.hpp">
      <Filter>Header Files\Labware\Mixtures\MixtureTypes</Filter>
    </ClInclude>
    <ClInclude Include="AggregationType.hpp">
      <Filter>Header Files\Labware\Mixtures</Filter>
    </ClInclude>
    <ClInclude Include="Layer.hpp">
      <Filter>Header Files\Labware\Mixtures</Filter>
    </ClInclude>
    <ClInclude Include="LayerType.hpp">
      <Filter>Header Files\Labware\Mixtures</Filter>
    </ClInclude>
    <ClInclude Include="StateNucleator.hpp">
      <Filter>Header Files\Labware\Mixtures</Filter>
    </ClInclude>
    <ClInclude Include="ForwardingContainer.hpp">
      <Filter>Header Files\Labware\Mixtures\MixtureTypes</Filter>
    </ClInclude>
    <ClInclude Include="MoleculeType.hpp">
      <Filter>Header Files\Molecules</Filter>
    </ClInclude>
    <ClInclude Include="STP.hpp">
      <Filter>Header Files\Labware\Mixtures</Filter>
    </ClInclude>
    <ClInclude Include="Polarity.hpp">
      <Filter>Header Files\Molecules</Filter>
    </ClInclude>
    <ClInclude Include="FormatUtils.hpp">
      <Filter>Header Files\Helpers</Filter>
    </ClInclude>
    <ClInclude Include="ReactionNetwork.hpp">
      <Filter>Header Files\Reactions</Filter>
    </ClInclude>
    <ClInclude Include="UndirectedGraph.hpp">
      <Filter>Header Files\DataStructures</Filter>
    </ClInclude>
    <ClInclude Include="Buffer2D.hpp">
      <Filter>Header Files\DataStructures</Filter>
    </ClInclude>
    <ClInclude Include="DirectedGraph.hpp">
      <Filter>Header Files\DataStructures</Filter>
    </ClInclude>
    <ClInclude Include="SparseDirectedGraph.hpp">
      <Filter>Header Files\DataStructures</Filter>
    </ClInclude>
    <ClInclude Include="ReactantRef.hpp">
      <Filter>Header Files\Labware\Mixtures</Filter>
    </ClInclude>
    <ClInclude Include="ContentInitializer.hpp">
      <Filter>Header Files\Labware\Mixtures</Filter>
    </ClInclude>
    <ClInclude Include="Color.hpp">
      <Filter>Header Files\Data\Values</Filter>
    </ClInclude>
    <ClInclude Include="ShapeFill.hpp">
      <Filter>Header Files\Graphics</Filter>
    </ClInclude>
    <ClInclude Include="LayerContentIterator.hpp">
      <Filter>Header Files\Labware\Mixtures</Filter>
    </ClInclude>
    <ClInclude Include="ShapeFillTexture.hpp">
      <Filter>Header Files\Graphics</Filter>
    </ClInclude>
    <ClInclude Include="Lab.hpp">
      <Filter>Header Files\Labware</Filter>
    </ClInclude>
    <ClInclude Include="PropertyPane.hpp">
      <Filter>Header Files\Graphics</Filter>
    </ClInclude>
    <ClInclude Include="ContainerComponent.hpp">
      <Filter>Header Files\Labware\Components</Filter>
    </ClInclude>
    <ClInclude Include="EquipmentComponent.hpp">
      <Filter>Header Files\Labware\Components</Filter>
    </ClInclude>
    <ClInclude Include="Heatsource.hpp">
      <Filter>Header Files\Labware\Components</Filter>
    </ClInclude>
    <ClInclude Include="BaseContainerComponent.hpp">
      <Filter>Header Files\Labware\Components</Filter>
    </ClInclude>
    <ClInclude Include="DynamicAmount.hpp">
      <Filter>Header Files\Data\Values</Filter>
    </ClInclude>
    <ClInclude Include="ContainerLabwareData.hpp">
      <Filter>Header Files\Labware\DataTypes</Filter>
    </ClInclude>
    <ClInclude Include="CondenserData.hpp">
      <Filter>Header Files\Labware\DataTypes</Filter>
    </ClInclude>
    <ClInclude Include="Condenser.hpp">
      <Filter>Header Files\Labware\Components</Filter>
    </ClInclude>
    <ClInclude Include="BaseContainerLabwareData.hpp">
      <Filter>Header Files\Labware\DataTypes</Filter>
    </ClInclude>
    <ClInclude Include="RandomizedParticle.hpp">
      <Filter>Header Files\Graphics\Particles</Filter>
    </ClInclude>
    <ClInclude Include="ParticleSystem.hpp">
      <Filter>Header Files\Graphics\Particles</Filter>
    </ClInclude>
    <ClInclude Include="Vapour.hpp">
      <Filter>Header Files\Graphics\Particles</Filter>
    </ClInclude>
    <ClInclude Include="RetrosynthReaction.hpp">
      <Filter>Header Files\Reactions</Filter>
    </ClInclude>
    <ClInclude Include="RadicalData.hpp">
      <Filter>Header Files\Moleculars\DataTypes</Filter>
    </ClInclude>
    <ClInclude Include="Accessor.hpp">
      <Filter>Header Files\DataStructures</Filter>
    </ClInclude>
    <ClInclude Include="Radical.hpp">
      <Filter>Header Files\Moleculars\Components</Filter>
    </ClInclude>
    <ClInclude Include="ImmutableSet.hpp">
      <Filter>Header Files\DataStructures</Filter>
    </ClInclude>
    <ClInclude Include="TerminalUtils.hpp">
      <Filter>Header Files\Terminal</Filter>
    </ClInclude>
    <ClInclude Include="Input.hpp">
      <Filter>Header Files\Terminal</Filter>
    </ClInclude>
    <ClInclude Include="StringUtils.hpp">
      <Filter>Header Files\Helpers</Filter>
    </ClInclude>
    <ClInclude Include="ReactionSpecifier.hpp">
      <Filter>Header Files\Reactions</Filter>
    </ClInclude>
    <ClInclude Include="PathUtils.hpp">
      <Filter>Header Files\Helpers</Filter>
    </ClInclude>
    <ClInclude Include="FileParser.hpp">
      <Filter>Header Files\Data\def</Filter>
    </ClInclude>
    <ClInclude Include="Location.hpp">
      <Filter>Header Files\Data\def</Filter>
    </ClInclude>
    <ClInclude Include="Object.hpp">
      <Filter>Header Files\Data\def</Filter>
    </ClInclude>
    <ClInclude Include="Parsers.hpp">
      <Filter>Header Files\Data\def</Filter>
    </ClInclude>
    <ClInclude Include="Keywords.hpp">
      <Filter>Header Files\Data\def</Filter>
    </ClInclude>
    <ClInclude Include="EstimatorSpecifier.hpp">
      <Filter>Header Files\Estimators</Filter>
    </ClInclude>
    <ClInclude Include="FileStore.hpp">
      <Filter>Header Files\Data</Filter>
    </ClInclude>
    <ClInclude Include="FileAnalyzer.hpp">
      <Filter>Header Files\Data\def</Filter>
    </ClInclude>
    <ClInclude Include="UnitizedEstimator.hpp">
      <Filter>Header Files\Estimators</Filter>
    </ClInclude>
    <ClInclude Include="OOLDefRepository.hpp">
      <Filter>Header Files\Data</Filter>
    </ClInclude>
    <ClInclude Include="DataPoint.hpp">
      <Filter>Header Files\Estimators</Filter>
    </ClInclude>
    <ClInclude Include="EstimationMode.hpp">
      <Filter>Header Files\Estimators</Filter>
    </ClInclude>
    <ClInclude Include="EstimatorFactory.hpp">
      <Filter>Header Files\Estimators</Filter>
    </ClInclude>
    <ClInclude Include="EstimatorParsers.hpp">
      <Filter>Header Files\Estimators</Filter>
    </ClInclude>
    <ClInclude Include="AffineEstimator.hpp">
      <Filter>Header Files\Estimators</Filter>
    </ClInclude>
    <ClInclude Include="NumericUtils.hpp">
      <Filter>Header Files\Helpers</Filter>
    </ClInclude>
    <ClInclude Include="MetaUtils.hpp">
      <Filter>Header Files\Helpers</Filter>
    </ClInclude>
    <ClInclude Include="DefinitionParser.hpp">
      <Filter>Header Files\Data\def</Filter>
    </ClInclude>
    <ClInclude Include="Regressors2D.hpp">
      <Filter>Header Files\DataStructures</Filter>
    </ClInclude>
    <ClInclude Include="Regressors3D.hpp">
      <Filter>Header Files\DataStructures</Filter>
    </ClInclude>
    <ClInclude Include="Casts.hpp">
      <Filter>Header Files\Helpers</Filter>
    </ClInclude>
    <ClInclude Include="PortType.hpp">
      <Filter>Header Files\Labware</Filter>
    </ClInclude>
    <ClInclude Include="Printers.hpp">
      <Filter>Header Files\Data\def</Filter>
    </ClInclude>
    <ClInclude Include="MoleculeId.hpp">
      <Filter>Header Files\Molecules</Filter>
    </ClInclude>
    <ClInclude Include="DerivedEstimator.hpp">
      <Filter>Header Files\Estimators</Filter>
    </ClInclude>
    <ClInclude Include="CountedRef.hpp">
      <Filter>Header Files\DataStructures</Filter>
    </ClInclude>
    <ClInclude Include="SizeTypedefs.hpp">
      <Filter>Header Files\Helpers</Filter>
    </ClInclude>
    <ClInclude Include="Precision.hpp">
      <Filter>Header Files\Helpers</Filter>
    </ClInclude>
    <ClInclude Include="RegressionEstimator.hpp">
      <Filter>Header Files\Estimators</Filter>
    </ClInclude>
    <ClInclude Include="PrintSettings.hpp">
      <Filter>Header Files\Data\def</Filter>
    </ClInclude>
    <ClInclude Include="DataDumper.hpp">
      <Filter>Header Files\Data\def</Filter>
    </ClInclude>
    <ClInclude Include="StringTable.hpp">
      <Filter>Header Files\Terminal</Filter>
    </ClInclude>
    <ClInclude Include="BuildUtils.hpp">
      <Filter>Header Files\Helpers</Filter>
    </ClInclude>
    <ClInclude Include="TypeUtils.hpp">
      <Filter>Header Files\Helpers</Filter>
    </ClInclude>
    <ClInclude Include="ProcessUtils.hpp">
      <Filter>Header Files\Helpers</Filter>
    </ClInclude>
    <ClInclude Include="Bond.hpp">
      <Filter>Header Files\Moleculars\Components</Filter>
    </ClInclude>
    <ClInclude Include="BondType.hpp">
      <Filter>Header Files\Moleculars\Components</Filter>
    </ClInclude>
    <ClInclude Include="Symbol.hpp">
      <Filter>Header Files\Moleculars\Components</Filter>
    </ClInclude>
    <ClInclude Include="Point.hpp">
      <Filter>Header Files\DataStructures</Filter>
    </ClInclude>
    <ClInclude Include="DoubleEnded.hpp">
      <Filter>Header Files\DataStructures</Filter>
    </ClInclude>
    <ClInclude Include="ASCIIUtils.hpp">
      <Filter>Header Files\Terminal</Filter>
    </ClInclude>
    <ClInclude Include="AverageStream.hpp">
      <Filter>Header Files\DataStructures</Filter>
    </ClInclude>
    <ClInclude Include="BondedAtom.hpp">
      <Filter>Header Files\Moleculars\Components</Filter>
    </ClInclude>
    <ClInclude Include="ColoredString.hpp">
      <Filter>Header Files\Terminal</Filter>
    </ClInclude>
    <ClInclude Include="IntrinsicUtils.hpp">
      <Filter>Header Files\Helpers</Filter>
    </ClInclude>
    <ClInclude Include="CyclicRef.hpp">
      <Filter>Header Files\DataStructures</Filter>
    </ClInclude>
    <ClInclude Include="HLine.hpp">
      <Filter>Header Files\DataStructures</Filter>
    </ClInclude>
    <ClInclude Include="ASCIIStructurePrinter.hpp">
      <Filter>Header Files\Molecules</Filter>
    </ClInclude>
    <ClInclude Include="ConcurrencyUtils.hpp">
      <Filter>Header Files\Helpers</Filter>
    </ClInclude>
    <ClInclude Include="ExceptionUtils.hpp">
      <Filter>Header Files\Helpers</Filter>
    </ClInclude>
    <ClInclude Include="UndirectedEdge.hpp">
      <Filter>Header Files\DataStructures</Filter>
    </ClInclude>
    <ClInclude Include="SFMLUtils.hpp">
      <Filter>Header Files\Helpers</Filter>
    </ClInclude>
    <ClInclude Include="BinUtils.hpp">
      <Filter>Header Files\Helpers</Filter>
    </ClInclude>
  </ItemGroup>
</Project>